
Microsoft Visual Studio Solution File, Format Version 12.00
# Visual Studio Express 15 for Windows Desktop
VisualStudioVersion = 15.0.27703.2047
MinimumVisualStudioVersion = 10.0.40219.1
Project("{FAE04EC0-301F-11D3-BF4B-00C04F79EFBC}") = "MiCalculadora", "MiCalculadora\MiCalculadora.csproj", "{8C66F9A9-F2D6-44EE-9289-A477DC558098}"
EndProject
Project("{FAE04EC0-301F-11D3-BF4B-00C04F79EFBC}") = "Entidades", "Entidades2\Entidades.csproj", "{B2C444EF-0D70-41E2-A92E-4849515FE53C}"
EndProject
Global
	GlobalSection(SolutionConfigurationPlatforms) = preSolution
		Debug|Any CPU = Debug|Any CPU
		Release|Any CPU = Release|Any CPU
	EndGlobalSection
	GlobalSection(ProjectConfigurationPlatforms) = postSolution
		{8C66F9A9-F2D6-44EE-9289-A477DC558098}.Debug|Any CPU.ActiveCfg = Debug|Any CPU
		{8C66F9A9-F2D6-44EE-9289-A477DC558098}.Debug|Any CPU.Build.0 = Debug|Any CPU
		{8C66F9A9-F2D6-44EE-9289-A477DC558098}.Release|Any CPU.ActiveCfg = Release|Any CPU
		{8C66F9A9-F2D6-44EE-9289-A477DC558098}.Release|Any CPU.Build.0 = Release|Any CPU
		{B2C444EF-0D70-41E2-A92E-4849515FE53C}.Debug|Any CPU.ActiveCfg = Debug|Any CPU
		{B2C444EF-0D70-41E2-A92E-4849515FE53C}.Debug|Any CPU.Build.0 = Debug|Any CPU
		{B2C444EF-0D70-41E2-A92E-4849515FE53C}.Release|Any CPU.ActiveCfg = Release|Any CPU
		{B2C444EF-0D70-41E2-A92E-4849515FE53C}.Release|Any CPU.Build.0 = Release|Any CPU
	EndGlobalSection
	GlobalSection(SolutionProperties) = preSolution
		HideSolutionNode = FALSE
	EndGlobalSection
	GlobalSection(ExtensibilityGlobals) = postSolution
		SolutionGuid = {58F8CA91-8091-416E-903A-9BBF5E0F1516}
	EndGlobalSection
EndGlobal
